
Microsoft Visual Studio Solution File, Format Version 12.00
# Visual Studio Version 17
VisualStudioVersion = 17.8.34525.116
MinimumVisualStudioVersion = 10.0.40219.1
Project("{FAE04EC0-301F-11D3-BF4B-00C04F79EFBC}") = "lab 4_milan_26806", "lab 4_milan_26806\lab 4_milan_26806.csproj", "{5D9F7ADA-46CA-4401-B55B-44DC12286D5B}"
EndProject
Global
	GlobalSection(SolutionConfigurationPlatforms) = preSolution
		Debug|Any CPU = Debug|Any CPU
		Release|Any CPU = Release|Any CPU
	EndGlobalSection
	GlobalSection(ProjectConfigurationPlatforms) = postSolution
		{5D9F7ADA-46CA-4401-B55B-44DC12286D5B}.Debug|Any CPU.ActiveCfg = Debug|Any CPU
		{5D9F7ADA-46CA-4401-B55B-44DC12286D5B}.Debug|Any CPU.Build.0 = Debug|Any CPU
		{5D9F7ADA-46CA-4401-B55B-44DC12286D5B}.Release|Any CPU.ActiveCfg = Release|Any CPU
		{5D9F7ADA-46CA-4401-B55B-44DC12286D5B}.Release|Any CPU.Build.0 = Release|Any CPU
	EndGlobalSection
	GlobalSection(SolutionProperties) = preSolution
		HideSolutionNode = FALSE
	EndGlobalSection
	GlobalSection(ExtensibilityGlobals) = postSolution
		SolutionGuid = {DC0A39AE-88DD-4A6C-8E25-6B18008C9615}
	EndGlobalSection
EndGlobal
