
Microsoft Visual Studio Solution File, Format Version 12.00
# Visual Studio Version 17
VisualStudioVersion = 17.8.34525.116
MinimumVisualStudioVersion = 10.0.40219.1
Project("{FAE04EC0-301F-11D3-BF4B-00C04F79EFBC}") = "lab3_milan_26806", "lab3_milan_26806\lab3_milan_26806.csproj", "{DD516935-A9BF-462B-B904-460A20991B83}"
EndProject
Global
	GlobalSection(SolutionConfigurationPlatforms) = preSolution
		Debug|Any CPU = Debug|Any CPU
		Release|Any CPU = Release|Any CPU
	EndGlobalSection
	GlobalSection(ProjectConfigurationPlatforms) = postSolution
		{DD516935-A9BF-462B-B904-460A20991B83}.Debug|Any CPU.ActiveCfg = Debug|Any CPU
		{DD516935-A9BF-462B-B904-460A20991B83}.Debug|Any CPU.Build.0 = Debug|Any CPU
		{DD516935-A9BF-462B-B904-460A20991B83}.Release|Any CPU.ActiveCfg = Release|Any CPU
		{DD516935-A9BF-462B-B904-460A20991B83}.Release|Any CPU.Build.0 = Release|Any CPU
	EndGlobalSection
	GlobalSection(SolutionProperties) = preSolution
		HideSolutionNode = FALSE
	EndGlobalSection
	GlobalSection(ExtensibilityGlobals) = postSolution
		SolutionGuid = {F3ADC0D9-55A9-40E6-ABE8-925ADA98FC91}
	EndGlobalSection
EndGlobal
