
Microsoft Visual Studio Solution File, Format Version 12.00
# Visual Studio Version 17
VisualStudioVersion = 17.8.34525.116
MinimumVisualStudioVersion = 10.0.40219.1
Project("{FAE04EC0-301F-11D3-BF4B-00C04F79EFBC}") = "lab9_milan_26806", "lab9_milan_26806\lab9_milan_26806.csproj", "{D62687B9-4B6A-412A-A7A8-8AB61057AFEC}"
EndProject
Global
	GlobalSection(SolutionConfigurationPlatforms) = preSolution
		Debug|Any CPU = Debug|Any CPU
		Release|Any CPU = Release|Any CPU
	EndGlobalSection
	GlobalSection(ProjectConfigurationPlatforms) = postSolution
		{D62687B9-4B6A-412A-A7A8-8AB61057AFEC}.Debug|Any CPU.ActiveCfg = Debug|Any CPU
		{D62687B9-4B6A-412A-A7A8-8AB61057AFEC}.Debug|Any CPU.Build.0 = Debug|Any CPU
		{D62687B9-4B6A-412A-A7A8-8AB61057AFEC}.Release|Any CPU.ActiveCfg = Release|Any CPU
		{D62687B9-4B6A-412A-A7A8-8AB61057AFEC}.Release|Any CPU.Build.0 = Release|Any CPU
	EndGlobalSection
	GlobalSection(SolutionProperties) = preSolution
		HideSolutionNode = FALSE
	EndGlobalSection
	GlobalSection(ExtensibilityGlobals) = postSolution
		SolutionGuid = {2B877C5F-0DD5-4F90-9F59-704A850B52E7}
	EndGlobalSection
EndGlobal
