
Microsoft Visual Studio Solution File, Format Version 12.00
# Visual Studio Version 17
VisualStudioVersion = 17.8.34525.116
MinimumVisualStudioVersion = 10.0.40219.1
Project("{FAE04EC0-301F-11D3-BF4B-00C04F79EFBC}") = "lab5.3_database_milan_26806", "lab5.3_database_milan_26806\lab5.3_database_milan_26806.csproj", "{797FE657-4D17-479E-A27F-8786A220E115}"
EndProject
Global
	GlobalSection(SolutionConfigurationPlatforms) = preSolution
		Debug|Any CPU = Debug|Any CPU
		Release|Any CPU = Release|Any CPU
	EndGlobalSection
	GlobalSection(ProjectConfigurationPlatforms) = postSolution
		{797FE657-4D17-479E-A27F-8786A220E115}.Debug|Any CPU.ActiveCfg = Debug|Any CPU
		{797FE657-4D17-479E-A27F-8786A220E115}.Debug|Any CPU.Build.0 = Debug|Any CPU
		{797FE657-4D17-479E-A27F-8786A220E115}.Release|Any CPU.ActiveCfg = Release|Any CPU
		{797FE657-4D17-479E-A27F-8786A220E115}.Release|Any CPU.Build.0 = Release|Any CPU
	EndGlobalSection
	GlobalSection(SolutionProperties) = preSolution
		HideSolutionNode = FALSE
	EndGlobalSection
	GlobalSection(ExtensibilityGlobals) = postSolution
		SolutionGuid = {B9CE6434-8CAD-4AC5-9877-9D949B0DB2EF}
	EndGlobalSection
EndGlobal
