
Microsoft Visual Studio Solution File, Format Version 12.00
# Visual Studio Version 17
VisualStudioVersion = 17.8.34525.116
MinimumVisualStudioVersion = 10.0.40219.1
Project("{FAE04EC0-301F-11D3-BF4B-00C04F79EFBC}") = "lab7_milan_26806", "lab7_milan_26806\lab7_milan_26806.csproj", "{1E4F2A32-569E-4101-A67F-4F88148ED695}"
EndProject
Global
	GlobalSection(SolutionConfigurationPlatforms) = preSolution
		Debug|Any CPU = Debug|Any CPU
		Release|Any CPU = Release|Any CPU
	EndGlobalSection
	GlobalSection(ProjectConfigurationPlatforms) = postSolution
		{1E4F2A32-569E-4101-A67F-4F88148ED695}.Debug|Any CPU.ActiveCfg = Debug|Any CPU
		{1E4F2A32-569E-4101-A67F-4F88148ED695}.Debug|Any CPU.Build.0 = Debug|Any CPU
		{1E4F2A32-569E-4101-A67F-4F88148ED695}.Release|Any CPU.ActiveCfg = Release|Any CPU
		{1E4F2A32-569E-4101-A67F-4F88148ED695}.Release|Any CPU.Build.0 = Release|Any CPU
	EndGlobalSection
	GlobalSection(SolutionProperties) = preSolution
		HideSolutionNode = FALSE
	EndGlobalSection
	GlobalSection(ExtensibilityGlobals) = postSolution
		SolutionGuid = {E68A4707-4DB7-48D8-9109-D1B44DCA4FAE}
	EndGlobalSection
EndGlobal
